
Microsoft Visual Studio Solution File, Format Version 12.00
# Visual Studio 15
VisualStudioVersion = 15.0.28307.421
MinimumVisualStudioVersion = 10.0.40219.1
Project("{FAE04EC0-301F-11D3-BF4B-00C04F79EFBC}") = "Lesson4-employee", "Lesson4-employee\Lesson4-employee.csproj", "{3B9656D5-3179-45D6-8F1D-ED6DE63C224D}"
EndProject
Global
	GlobalSection(SolutionConfigurationPlatforms) = preSolution
		Debug|Any CPU = Debug|Any CPU
		Release|Any CPU = Release|Any CPU
	EndGlobalSection
	GlobalSection(ProjectConfigurationPlatforms) = postSolution
		{3B9656D5-3179-45D6-8F1D-ED6DE63C224D}.Debug|Any CPU.ActiveCfg = Debug|Any CPU
		{3B9656D5-3179-45D6-8F1D-ED6DE63C224D}.Debug|Any CPU.Build.0 = Debug|Any CPU
		{3B9656D5-3179-45D6-8F1D-ED6DE63C224D}.Release|Any CPU.ActiveCfg = Release|Any CPU
		{3B9656D5-3179-45D6-8F1D-ED6DE63C224D}.Release|Any CPU.Build.0 = Release|Any CPU
	EndGlobalSection
	GlobalSection(SolutionProperties) = preSolution
		HideSolutionNode = FALSE
	EndGlobalSection
	GlobalSection(ExtensibilityGlobals) = postSolution
		SolutionGuid = {608A62E9-7A94-4318-B189-EC6075554570}
	EndGlobalSection
EndGlobal
